
Microsoft Visual Studio Solution File, Format Version 12.00
# Visual Studio Version 16
VisualStudioVersion = 16.0.30011.22
MinimumVisualStudioVersion = 10.0.40219.1
Project("{9A19103F-16F7-4668-BE54-9A1E7A4F7556}") = "WebApplication6", "WebApplication6\WebApplication6.csproj", "{BCCBE127-129D-412B-966D-07F37E74940C}"
EndProject
Project("{2150E333-8FDC-42A3-9474-1A3956D46DE8}") = "Solution Items", "Solution Items", "{B6D7AA80-61C0-40DC-B633-88CE6EE122F1}"
	ProjectSection(SolutionItems) = preProject
		.editorconfig = .editorconfig
	EndProjectSection
EndProject
Project("{FAE04EC0-301F-11D3-BF4B-00C04F79EFBC}") = "WebApplication6Test", "WebApplication6Test\WebApplication6Test.csproj", "{1EC21BED-235E-4F1E-A21B-10AE52C25EE0}"
EndProject
Global
	GlobalSection(SolutionConfigurationPlatforms) = preSolution
		Debug|Any CPU = Debug|Any CPU
		Release|Any CPU = Release|Any CPU
	EndGlobalSection
	GlobalSection(ProjectConfigurationPlatforms) = postSolution
		{BCCBE127-129D-412B-966D-07F37E74940C}.Debug|Any CPU.ActiveCfg = Debug|Any CPU
		{BCCBE127-129D-412B-966D-07F37E74940C}.Debug|Any CPU.Build.0 = Debug|Any CPU
		{BCCBE127-129D-412B-966D-07F37E74940C}.Release|Any CPU.ActiveCfg = Release|Any CPU
		{BCCBE127-129D-412B-966D-07F37E74940C}.Release|Any CPU.Build.0 = Release|Any CPU
		{1EC21BED-235E-4F1E-A21B-10AE52C25EE0}.Debug|Any CPU.ActiveCfg = Debug|Any CPU
		{1EC21BED-235E-4F1E-A21B-10AE52C25EE0}.Debug|Any CPU.Build.0 = Debug|Any CPU
		{1EC21BED-235E-4F1E-A21B-10AE52C25EE0}.Release|Any CPU.ActiveCfg = Release|Any CPU
		{1EC21BED-235E-4F1E-A21B-10AE52C25EE0}.Release|Any CPU.Build.0 = Release|Any CPU
	EndGlobalSection
	GlobalSection(SolutionProperties) = preSolution
		HideSolutionNode = FALSE
	EndGlobalSection
	GlobalSection(ExtensibilityGlobals) = postSolution
		SolutionGuid = {659DC7E9-E823-4933-830C-728BD24BF165}
	EndGlobalSection
EndGlobal
